// !$*UTF8*$!
{
	archiveVersion = 1;
	classes = {
	};
	objectVersion = 55;
	objects = {

/* Begin PBXBuildFile section */
		3C08D42E286A3F160068FA83 /* MultilinerApp.swift in Sources */ = {isa = PBXBuildFile; fileRef = 3C08D42D286A3F160068FA83 /* MultilinerApp.swift */; };
		3C08D430286A3F160068FA83 /* ContentView.swift in Sources */ = {isa = PBXBuildFile; fileRef = 3C08D42F286A3F160068FA83 /* ContentView.swift */; };
		3C08D432286A3F190068FA83 /* Assets.xcassets in Resources */ = {isa = PBXBuildFile; fileRef = 3C08D431286A3F190068FA83 /* Assets.xcassets */; };
		3C08D435286A3F190068FA83 /* Preview Assets.xcassets in Resources */ = {isa = PBXBuildFile; fileRef = 3C08D434286A3F190068FA83 /* Preview Assets.xcassets */; };
		3C08D443286A3F3D0068FA83 /* Cocoa.framework in Frameworks */ = {isa = PBXBuildFile; fileRef = 3C08D442286A3F3D0068FA83 /* Cocoa.framework */; };
		3C08D448286A3F3D0068FA83 /* SourceEditorExtension.swift in Sources */ = {isa = PBXBuildFile; fileRef = 3C08D447286A3F3D0068FA83 /* SourceEditorExtension.swift */; };
		3C08D44A286A3F3D0068FA83 /* SourceEditorCommand.swift in Sources */ = {isa = PBXBuildFile; fileRef = 3C08D449286A3F3D0068FA83 /* SourceEditorCommand.swift */; };
		3C08D44F286A3F3D0068FA83 /* Multiliner.appex in Embed App Extensions */ = {isa = PBXBuildFile; fileRef = 3C08D440286A3F3D0068FA83 /* Multiliner.appex */; settings = {ATTRIBUTES = (RemoveHeadersOnCopy, ); }; };
		3C3D5B63286A40E900B92FEA /* XcodeKit.framework in Frameworks */ = {isa = PBXBuildFile; fileRef = 3C08D444286A3F3D0068FA83 /* XcodeKit.framework */; };
		3C3D5B64286A40E900B92FEA /* XcodeKit.framework in Embed Frameworks */ = {isa = PBXBuildFile; fileRef = 3C08D444286A3F3D0068FA83 /* XcodeKit.framework */; settings = {ATTRIBUTES = (CodeSignOnCopy, RemoveHeadersOnCopy, ); }; };
/* End PBXBuildFile section */

/* Begin PBXContainerItemProxy section */
		3C08D44D286A3F3D0068FA83 /* PBXContainerItemProxy */ = {
			isa = PBXContainerItemProxy;
			containerPortal = 3C08D422286A3F160068FA83 /* Project object */;
			proxyType = 1;
			remoteGlobalIDString = 3C08D43F286A3F3D0068FA83;
			remoteInfo = MultilinerExtension;
		};
/* End PBXContainerItemProxy section */

/* Begin PBXCopyFilesBuildPhase section */
		3C08D453286A3F3D0068FA83 /* Embed App Extensions */ = {
			isa = PBXCopyFilesBuildPhase;
			buildActionMask = 2147483647;
			dstPath = "";
			dstSubfolderSpec = 13;
			files = (
				3C08D44F286A3F3D0068FA83 /* Multiliner.appex in Embed App Extensions */,
			);
			name = "Embed App Extensions";
			runOnlyForDeploymentPostprocessing = 0;
		};
		3C3D5B65286A40E900B92FEA /* Embed Frameworks */ = {
			isa = PBXCopyFilesBuildPhase;
			buildActionMask = 2147483647;
			dstPath = "";
			dstSubfolderSpec = 10;
			files = (
				3C3D5B64286A40E900B92FEA /* XcodeKit.framework in Embed Frameworks */,
			);
			name = "Embed Frameworks";
			runOnlyForDeploymentPostprocessing = 0;
		};
/* End PBXCopyFilesBuildPhase section */

/* Begin PBXFileReference section */
		3C08D42A286A3F160068FA83 /* Multiliner App.app */ = {isa = PBXFileReference; explicitFileType = wrapper.application; includeInIndex = 0; path = "Multiliner App.app"; sourceTree = BUILT_PRODUCTS_DIR; };
		3C08D42D286A3F160068FA83 /* MultilinerApp.swift */ = {isa = PBXFileReference; lastKnownFileType = sourcecode.swift; path = MultilinerApp.swift; sourceTree = "<group>"; };
		3C08D42F286A3F160068FA83 /* ContentView.swift */ = {isa = PBXFileReference; lastKnownFileType = sourcecode.swift; path = ContentView.swift; sourceTree = "<group>"; };
		3C08D431286A3F190068FA83 /* Assets.xcassets */ = {isa = PBXFileReference; lastKnownFileType = folder.assetcatalog; path = Assets.xcassets; sourceTree = "<group>"; };
		3C08D434286A3F190068FA83 /* Preview Assets.xcassets */ = {isa = PBXFileReference; lastKnownFileType = folder.assetcatalog; path = "Preview Assets.xcassets"; sourceTree = "<group>"; };
		3C08D436286A3F190068FA83 /* Multiliner.entitlements */ = {isa = PBXFileReference; lastKnownFileType = text.plist.entitlements; path = Multiliner.entitlements; sourceTree = "<group>"; };
		3C08D440286A3F3D0068FA83 /* Multiliner.appex */ = {isa = PBXFileReference; explicitFileType = "wrapper.app-extension"; includeInIndex = 0; path = Multiliner.appex; sourceTree = BUILT_PRODUCTS_DIR; };
		3C08D442286A3F3D0068FA83 /* Cocoa.framework */ = {isa = PBXFileReference; lastKnownFileType = wrapper.framework; name = Cocoa.framework; path = System/Library/Frameworks/Cocoa.framework; sourceTree = SDKROOT; };
		3C08D444286A3F3D0068FA83 /* XcodeKit.framework */ = {isa = PBXFileReference; lastKnownFileType = wrapper.framework; name = XcodeKit.framework; path = Library/Frameworks/XcodeKit.framework; sourceTree = DEVELOPER_DIR; };
		3C08D447286A3F3D0068FA83 /* SourceEditorExtension.swift */ = {isa = PBXFileReference; lastKnownFileType = sourcecode.swift; path = SourceEditorExtension.swift; sourceTree = "<group>"; };
		3C08D449286A3F3D0068FA83 /* SourceEditorCommand.swift */ = {isa = PBXFileReference; lastKnownFileType = sourcecode.swift; path = SourceEditorCommand.swift; sourceTree = "<group>"; };
		3C08D44B286A3F3D0068FA83 /* Info.plist */ = {isa = PBXFileReference; lastKnownFileType = text.plist.xml; path = Info.plist; sourceTree = "<group>"; };
		3C08D44C286A3F3D0068FA83 /* MultilinerExtension.entitlements */ = {isa = PBXFileReference; lastKnownFileType = text.plist.entitlements; path = MultilinerExtension.entitlements; sourceTree = "<group>"; };
/* End PBXFileReference section */

/* Begin PBXFrameworksBuildPhase section */
		3C08D427286A3F160068FA83 /* Frameworks */ = {
			isa = PBXFrameworksBuildPhase;
			buildActionMask = 2147483647;
			files = (
			);
			runOnlyForDeploymentPostprocessing = 0;
		};
		3C08D43D286A3F3D0068FA83 /* Frameworks */ = {
			isa = PBXFrameworksBuildPhase;
			buildActionMask = 2147483647;
			files = (
				3C08D443286A3F3D0068FA83 /* Cocoa.framework in Frameworks */,
				3C3D5B63286A40E900B92FEA /* XcodeKit.framework in Frameworks */,
			);
			runOnlyForDeploymentPostprocessing = 0;
		};
/* End PBXFrameworksBuildPhase section */

/* Begin PBXGroup section */
		3C08D421286A3F160068FA83 = {
			isa = PBXGroup;
			children = (
				3C08D42C286A3F160068FA83 /* Multiliner */,
				3C08D446286A3F3D0068FA83 /* MultilinerExtension */,
				3C08D441286A3F3D0068FA83 /* Frameworks */,
				3C08D42B286A3F160068FA83 /* Products */,
			);
			sourceTree = "<group>";
		};
		3C08D42B286A3F160068FA83 /* Products */ = {
			isa = PBXGroup;
			children = (
				3C08D42A286A3F160068FA83 /* Multiliner App.app */,
				3C08D440286A3F3D0068FA83 /* Multiliner.appex */,
			);
			name = Products;
			sourceTree = "<group>";
		};
		3C08D42C286A3F160068FA83 /* Multiliner */ = {
			isa = PBXGroup;
			children = (
				3C08D42D286A3F160068FA83 /* MultilinerApp.swift */,
				3C08D42F286A3F160068FA83 /* ContentView.swift */,
				3C08D431286A3F190068FA83 /* Assets.xcassets */,
				3C08D436286A3F190068FA83 /* Multiliner.entitlements */,
				3C08D433286A3F190068FA83 /* Preview Content */,
			);
			path = Multiliner;
			sourceTree = "<group>";
		};
		3C08D433286A3F190068FA83 /* Preview Content */ = {
			isa = PBXGroup;
			children = (
				3C08D434286A3F190068FA83 /* Preview Assets.xcassets */,
			);
			path = "Preview Content";
			sourceTree = "<group>";
		};
		3C08D441286A3F3D0068FA83 /* Frameworks */ = {
			isa = PBXGroup;
			children = (
				3C08D442286A3F3D0068FA83 /* Cocoa.framework */,
				3C08D444286A3F3D0068FA83 /* XcodeKit.framework */,
			);
			name = Frameworks;
			sourceTree = "<group>";
		};
		3C08D446286A3F3D0068FA83 /* MultilinerExtension */ = {
			isa = PBXGroup;
			children = (
				3C08D447286A3F3D0068FA83 /* SourceEditorExtension.swift */,
				3C08D449286A3F3D0068FA83 /* SourceEditorCommand.swift */,
				3C08D44B286A3F3D0068FA83 /* Info.plist */,
				3C08D44C286A3F3D0068FA83 /* MultilinerExtension.entitlements */,
			);
			path = MultilinerExtension;
			sourceTree = "<group>";
		};
/* End PBXGroup section */

/* Begin PBXNativeTarget section */
		3C08D429286A3F160068FA83 /* Multiliner */ = {
			isa = PBXNativeTarget;
			buildConfigurationList = 3C08D439286A3F190068FA83 /* Build configuration list for PBXNativeTarget "Multiliner" */;
			buildPhases = (
				3C08D426286A3F160068FA83 /* Sources */,
				3C08D427286A3F160068FA83 /* Frameworks */,
				3C08D428286A3F160068FA83 /* Resources */,
				3C08D453286A3F3D0068FA83 /* Embed App Extensions */,
			);
			buildRules = (
			);
			dependencies = (
				3C08D44E286A3F3D0068FA83 /* PBXTargetDependency */,
			);
			name = Multiliner;
			productName = Multiliner;
			productReference = 3C08D42A286A3F160068FA83 /* Multiliner App.app */;
			productType = "com.apple.product-type.application";
		};
		3C08D43F286A3F3D0068FA83 /* MultilinerExtension */ = {
			isa = PBXNativeTarget;
			buildConfigurationList = 3C08D450286A3F3D0068FA83 /* Build configuration list for PBXNativeTarget "MultilinerExtension" */;
			buildPhases = (
				3C08D43C286A3F3D0068FA83 /* Sources */,
				3C08D43D286A3F3D0068FA83 /* Frameworks */,
				3C08D43E286A3F3D0068FA83 /* Resources */,
				3C3D5B65286A40E900B92FEA /* Embed Frameworks */,
			);
			buildRules = (
			);
			dependencies = (
			);
			name = MultilinerExtension;
			productName = MultilinerExtension;
			productReference = 3C08D440286A3F3D0068FA83 /* Multiliner.appex */;
			productType = "com.apple.product-type.xcode-extension";
		};
/* End PBXNativeTarget section */

/* Begin PBXProject section */
		3C08D422286A3F160068FA83 /* Project object */ = {
			isa = PBXProject;
			attributes = {
				BuildIndependentTargetsInParallel = 1;
				LastSwiftUpdateCheck = 1330;
				LastUpgradeCheck = 1330;
				TargetAttributes = {
					3C08D429286A3F160068FA83 = {
						CreatedOnToolsVersion = 13.3;
					};
					3C08D43F286A3F3D0068FA83 = {
						CreatedOnToolsVersion = 13.3;
					};
				};
			};
			buildConfigurationList = 3C08D425286A3F160068FA83 /* Build configuration list for PBXProject "Multiliner" */;
			compatibilityVersion = "Xcode 13.0";
			developmentRegion = en;
			hasScannedForEncodings = 0;
			knownRegions = (
				en,
				Base,
			);
			mainGroup = 3C08D421286A3F160068FA83;
			productRefGroup = 3C08D42B286A3F160068FA83 /* Products */;
			projectDirPath = "";
			projectRoot = "";
			targets = (
				3C08D429286A3F160068FA83 /* Multiliner */,
				3C08D43F286A3F3D0068FA83 /* MultilinerExtension */,
			);
		};
/* End PBXProject section */

/* Begin PBXResourcesBuildPhase section */
		3C08D428286A3F160068FA83 /* Resources */ = {
			isa = PBXResourcesBuildPhase;
			buildActionMask = 2147483647;
			files = (
				3C08D435286A3F190068FA83 /* Preview Assets.xcassets in Resources */,
				3C08D432286A3F190068FA83 /* Assets.xcassets in Resources */,
			);
			runOnlyForDeploymentPostprocessing = 0;
		};
		3C08D43E286A3F3D0068FA83 /* Resources */ = {
			isa = PBXResourcesBuildPhase;
			buildActionMask = 2147483647;
			files = (
			);
			runOnlyForDeploymentPostprocessing = 0;
		};
/* End PBXResourcesBuildPhase section */

/* Begin PBXSourcesBuildPhase section */
		3C08D426286A3F160068FA83 /* Sources */ = {
			isa = PBXSourcesBuildPhase;
			buildActionMask = 2147483647;
			files = (
				3C08D430286A3F160068FA83 /* ContentView.swift in Sources */,
				3C08D42E286A3F160068FA83 /* MultilinerApp.swift in Sources */,
			);
			runOnlyForDeploymentPostprocessing = 0;
		};
		3C08D43C286A3F3D0068FA83 /* Sources */ = {
			isa = PBXSourcesBuildPhase;
			buildActionMask = 2147483647;
			files = (
				3C08D448286A3F3D0068FA83 /* SourceEditorExtension.swift in Sources */,
				3C08D44A286A3F3D0068FA83 /* SourceEditorCommand.swift in Sources */,
			);
			runOnlyForDeploymentPostprocessing = 0;
		};
/* End PBXSourcesBuildPhase section */

/* Begin PBXTargetDependency section */
		3C08D44E286A3F3D0068FA83 /* PBXTargetDependency */ = {
			isa = PBXTargetDependency;
			target = 3C08D43F286A3F3D0068FA83 /* MultilinerExtension */;
			targetProxy = 3C08D44D286A3F3D0068FA83 /* PBXContainerItemProxy */;
		};
/* End PBXTargetDependency section */

/* Begin XCBuildConfiguration section */
		3C08D437286A3F190068FA83 /* Debug */ = {
			isa = XCBuildConfiguration;
			buildSettings = {
				ALWAYS_SEARCH_USER_PATHS = NO;
				CLANG_ANALYZER_NONNULL = YES;
				CLANG_ANALYZER_NUMBER_OBJECT_CONVERSION = YES_AGGRESSIVE;
				CLANG_CXX_LANGUAGE_STANDARD = "gnu++17";
				CLANG_ENABLE_MODULES = YES;
				CLANG_ENABLE_OBJC_ARC = YES;
				CLANG_ENABLE_OBJC_WEAK = YES;
				CLANG_WARN_BLOCK_CAPTURE_AUTORELEASING = YES;
				CLANG_WARN_BOOL_CONVERSION = YES;
				CLANG_WARN_COMMA = YES;
				CLANG_WARN_CONSTANT_CONVERSION = YES;
				CLANG_WARN_DEPRECATED_OBJC_IMPLEMENTATIONS = YES;
				CLANG_WARN_DIRECT_OBJC_ISA_USAGE = YES_ERROR;
				CLANG_WARN_DOCUMENTATION_COMMENTS = YES;
				CLANG_WARN_EMPTY_BODY = YES;
				CLANG_WARN_ENUM_CONVERSION = YES;
				CLANG_WARN_INFINITE_RECURSION = YES;
				CLANG_WARN_INT_CONVERSION = YES;
				CLANG_WARN_NON_LITERAL_NULL_CONVERSION = YES;
				CLANG_WARN_OBJC_IMPLICIT_RETAIN_SELF = YES;
				CLANG_WARN_OBJC_LITERAL_CONVERSION = YES;
				CLANG_WARN_OBJC_ROOT_CLASS = YES_ERROR;
				CLANG_WARN_QUOTED_INCLUDE_IN_FRAMEWORK_HEADER = YES;
				CLANG_WARN_RANGE_LOOP_ANALYSIS = YES;
				CLANG_WARN_STRICT_PROTOTYPES = YES;
				CLANG_WARN_SUSPICIOUS_MOVE = YES;
				CLANG_WARN_UNGUARDED_AVAILABILITY = YES_AGGRESSIVE;
				CLANG_WARN_UNREACHABLE_CODE = YES;
				CLANG_WARN__DUPLICATE_METHOD_MATCH = YES;
				COPY_PHASE_STRIP = NO;
				DEBUG_INFORMATION_FORMAT = dwarf;
				ENABLE_STRICT_OBJC_MSGSEND = YES;
				ENABLE_TESTABILITY = YES;
				GCC_C_LANGUAGE_STANDARD = gnu11;
				GCC_DYNAMIC_NO_PIC = NO;
				GCC_NO_COMMON_BLOCKS = YES;
				GCC_OPTIMIZATION_LEVEL = 0;
				GCC_PREPROCESSOR_DEFINITIONS = (
					"DEBUG=1",
					"$(inherited)",
				);
				GCC_WARN_64_TO_32_BIT_CONVERSION = YES;
				GCC_WARN_ABOUT_RETURN_TYPE = YES_ERROR;
				GCC_WARN_UNDECLARED_SELECTOR = YES;
				GCC_WARN_UNINITIALIZED_AUTOS = YES_AGGRESSIVE;
				GCC_WARN_UNUSED_FUNCTION = YES;
				GCC_WARN_UNUSED_VARIABLE = YES;
				MACOSX_DEPLOYMENT_TARGET = 12.3;
				MTL_ENABLE_DEBUG_INFO = INCLUDE_SOURCE;
				MTL_FAST_MATH = YES;
				ONLY_ACTIVE_ARCH = YES;
				SDKROOT = macosx;
				SWIFT_ACTIVE_COMPILATION_CONDITIONS = DEBUG;
				SWIFT_OPTIMIZATION_LEVEL = "-Onone";
			};
			name = Debug;
		};
		3C08D438286A3F190068FA83 /* Release */ = {
			isa = XCBuildConfiguration;
			buildSettings = {
				ALWAYS_SEARCH_USER_PATHS = NO;
				CLANG_ANALYZER_NONNULL = YES;
				CLANG_ANALYZER_NUMBER_OBJECT_CONVERSION = YES_AGGRESSIVE;
				CLANG_CXX_LANGUAGE_STANDARD = "gnu++17";
				CLANG_ENABLE_MODULES = YES;
				CLANG_ENABLE_OBJC_ARC = YES;
				CLANG_ENABLE_OBJC_WEAK = YES;
				CLANG_WARN_BLOCK_CAPTURE_AUTORELEASING = YES;
				CLANG_WARN_BOOL_CONVERSION = YES;
				CLANG_WARN_COMMA = YES;
				CLANG_WARN_CONSTANT_CONVERSION = YES;
				CLANG_WARN_DEPRECATED_OBJC_IMPLEMENTATIONS = YES;
				CLANG_WARN_DIRECT_OBJC_ISA_USAGE = YES_ERROR;
				CLANG_WARN_DOCUMENTATION_COMMENTS = YES;
				CLANG_WARN_EMPTY_BODY = YES;
				CLANG_WARN_ENUM_CONVERSION = YES;
				CLANG_WARN_INFINITE_RECURSION = YES;
				CLANG_WARN_INT_CONVERSION = YES;
				CLANG_WARN_NON_LITERAL_NULL_CONVERSION = YES;
				CLANG_WARN_OBJC_IMPLICIT_RETAIN_SELF = YES;
				CLANG_WARN_OBJC_LITERAL_CONVERSION = YES;
				CLANG_WARN_OBJC_ROOT_CLASS = YES_ERROR;
				CLANG_WARN_QUOTED_INCLUDE_IN_FRAMEWORK_HEADER = YES;
				CLANG_WARN_RANGE_LOOP_ANALYSIS = YES;
				CLANG_WARN_STRICT_PROTOTYPES = YES;
				CLANG_WARN_SUSPICIOUS_MOVE = YES;
				CLANG_WARN_UNGUARDED_AVAILABILITY = YES_AGGRESSIVE;
				CLANG_WARN_UNREACHABLE_CODE = YES;
				CLANG_WARN__DUPLICATE_METHOD_MATCH = YES;
				COPY_PHASE_STRIP = NO;
				DEBUG_INFORMATION_FORMAT = "dwarf-with-dsym";
				ENABLE_NS_ASSERTIONS = NO;
				ENABLE_STRICT_OBJC_MSGSEND = YES;
				GCC_C_LANGUAGE_STANDARD = gnu11;
				GCC_NO_COMMON_BLOCKS = YES;
				GCC_WARN_64_TO_32_BIT_CONVERSION = YES;
				GCC_WARN_ABOUT_RETURN_TYPE = YES_ERROR;
				GCC_WARN_UNDECLARED_SELECTOR = YES;
				GCC_WARN_UNINITIALIZED_AUTOS = YES_AGGRESSIVE;
				GCC_WARN_UNUSED_FUNCTION = YES;
				GCC_WARN_UNUSED_VARIABLE = YES;
				MACOSX_DEPLOYMENT_TARGET = 12.3;
				MTL_ENABLE_DEBUG_INFO = NO;
				MTL_FAST_MATH = YES;
				SDKROOT = macosx;
				SWIFT_COMPILATION_MODE = wholemodule;
				SWIFT_OPTIMIZATION_LEVEL = "-O";
			};
			name = Release;
		};
		3C08D43A286A3F190068FA83 /* Debug */ = {
			isa = XCBuildConfiguration;
			buildSettings = {
				ALWAYS_EMBED_SWIFT_STANDARD_LIBRARIES = YES;
				ASSETCATALOG_COMPILER_APPICON_NAME = AppIcon;
				ASSETCATALOG_COMPILER_GLOBAL_ACCENT_COLOR_NAME = AccentColor;
				CODE_SIGN_ENTITLEMENTS = Multiliner/Multiliner.entitlements;
				CODE_SIGN_IDENTITY = "Apple Development";
				CODE_SIGN_STYLE = Automatic;
				COMBINE_HIDPI_IMAGES = YES;
				CURRENT_PROJECT_VERSION = 1;
				DEVELOPMENT_ASSET_PATHS = "\"Multiliner/Preview Content\"";
				DEVELOPMENT_TEAM = YA533DMD5J;
				ENABLE_HARDENED_RUNTIME = YES;
				ENABLE_PREVIEWS = YES;
				GENERATE_INFOPLIST_FILE = YES;
				INFOPLIST_KEY_NSHumanReadableCopyright = "";
				LD_RUNPATH_SEARCH_PATHS = (
					"$(inherited)",
					"@executable_path/../Frameworks",
				);
				MARKETING_VERSION = 1.0;
				PRODUCT_BUNDLE_IDENTIFIER = com.aheze.Multiliner;
				PRODUCT_NAME = "Multiliner App";
				SWIFT_EMIT_LOC_STRINGS = YES;
				SWIFT_VERSION = 5.0;
			};
			name = Debug;
		};
		3C08D43B286A3F190068FA83 /* Release */ = {
			isa = XCBuildConfiguration;
			buildSettings = {
				ALWAYS_EMBED_SWIFT_STANDARD_LIBRARIES = YES;
				ASSETCATALOG_COMPILER_APPICON_NAME = AppIcon;
				ASSETCATALOG_COMPILER_GLOBAL_ACCENT_COLOR_NAME = AccentColor;
				CODE_SIGN_ENTITLEMENTS = Multiliner/Multiliner.entitlements;
				CODE_SIGN_IDENTITY = "-";
				CODE_SIGN_STYLE = Automatic;
				COMBINE_HIDPI_IMAGES = YES;
				CURRENT_PROJECT_VERSION = 1;
				DEVELOPMENT_ASSET_PATHS = "\"Multiliner/Preview Content\"";
				DEVELOPMENT_TEAM = YA533DMD5J;
				ENABLE_HARDENED_RUNTIME = YES;
				ENABLE_PREVIEWS = YES;
				GENERATE_INFOPLIST_FILE = YES;
				INFOPLIST_KEY_NSHumanReadableCopyright = "";
				LD_RUNPATH_SEARCH_PATHS = (
					"$(inherited)",
					"@executable_path/../Frameworks",
				);
				MARKETING_VERSION = 1.0;
				PRODUCT_BUNDLE_IDENTIFIER = com.aheze.Multiliner;
				PRODUCT_NAME = "Multiliner App";
				SWIFT_EMIT_LOC_STRINGS = YES;
				SWIFT_VERSION = 5.0;
			};
			name = Release;
		};
		3C08D451286A3F3D0068FA83 /* Debug */ = {
			isa = XCBuildConfiguration;
			buildSettings = {
				CODE_SIGN_ENTITLEMENTS = MultilinerExtension/MultilinerExtension.entitlements;
				CODE_SIGN_IDENTITY = "Apple Development";
				CODE_SIGN_STYLE = Automatic;
				COMBINE_HIDPI_IMAGES = YES;
				CURRENT_PROJECT_VERSION = 1;
				DEVELOPMENT_TEAM = YA533DMD5J;
				ENABLE_HARDENED_RUNTIME = YES;
				GENERATE_INFOPLIST_FILE = YES;
				INFOPLIST_FILE = MultilinerExtension/Info.plist;
				INFOPLIST_KEY_CFBundleDisplayName = MultilinerExtension;
				INFOPLIST_KEY_NSHumanReadableCopyright = "";
				LD_RUNPATH_SEARCH_PATHS = (
					"$(inherited)",
					"@executable_path/../Frameworks",
					"@executable_path/../../../../Frameworks",
				);
				MARKETING_VERSION = 1.0;
				PRODUCT_BUNDLE_IDENTIFIER = com.aheze.Multiliner.MultilinerExtension;
				PRODUCT_NAME = Multiliner;
				SKIP_INSTALL = YES;
				SWIFT_EMIT_LOC_STRINGS = YES;
				SWIFT_VERSION = 5.0;
			};
			name = Debug;
		};
		3C08D452286A3F3D0068FA83 /* Release */ = {
			isa = XCBuildConfiguration;
			buildSettings = {
				CODE_SIGN_ENTITLEMENTS = MultilinerExtension/MultilinerExtension.entitlements;
				CODE_SIGN_IDENTITY = "Apple Development";
				CODE_SIGN_STYLE = Automatic;
				COMBINE_HIDPI_IMAGES = YES;
				CURRENT_PROJECT_VERSION = 1;
				DEVELOPMENT_TEAM = YA533DMD5J;
				ENABLE_HARDENED_RUNTIME = YES;
				GENERATE_INFOPLIST_FILE = YES;
				INFOPLIST_FILE = MultilinerExtension/Info.plist;
				INFOPLIST_KEY_CFBundleDisplayName = MultilinerExtension;
				INFOPLIST_KEY_NSHumanReadableCopyright = "";
				LD_RUNPATH_SEARCH_PATHS = (
					"$(inherited)",
					"@executable_path/../Frameworks",
					"@executable_path/../../../../Frameworks",
				);
				MARKETING_VERSION = 1.0;
				PRODUCT_BUNDLE_IDENTIFIER = com.aheze.Multiliner.MultilinerExtension;
				PRODUCT_NAME = Multiliner;
				SKIP_INSTALL = YES;
				SWIFT_EMIT_LOC_STRINGS = YES;
				SWIFT_VERSION = 5.0;
			};
			name = Release;
		};
/* End XCBuildConfiguration section */

/* Begin XCConfigurationList section */
		3C08D425286A3F160068FA83 /* Build configuration list for PBXProject "Multiliner" */ = {
			isa = XCConfigurationList;
			buildConfigurations = (
				3C08D437286A3F190068FA83 /* Debug */,
				3C08D438286A3F190068FA83 /* Release */,
			);
			defaultConfigurationIsVisible = 0;
			defaultConfigurationName = Release;
		};
		3C08D439286A3F190068FA83 /* Build configuration list for PBXNativeTarget "Multiliner" */ = {
			isa = XCConfigurationList;
			buildConfigurations = (
				3C08D43A286A3F190068FA83 /* Debug */,
				3C08D43B286A3F190068FA83 /* Release */,
			);
			defaultConfigurationIsVisible = 0;
			defaultConfigurationName = Release;
		};
		3C08D450286A3F3D0068FA83 /* Build configuration list for PBXNativeTarget "MultilinerExtension" */ = {
			isa = XCConfigurationList;
			buildConfigurations = (
				3C08D451286A3F3D0068FA83 /* Debug */,
				3C08D452286A3F3D0068FA83 /* Release */,
			);
			defaultConfigurationIsVisible = 0;
			defaultConfigurationName = Release;
		};
/* End XCConfigurationList section */
	};
	rootObject = 3C08D422286A3F160068FA83 /* Project object */;
}
